
Microsoft Visual Studio Solution File, Format Version 12.00
# Visual Studio Version 17
VisualStudioVersion = 17.13.35913.81
MinimumVisualStudioVersion = 10.0.40219.1
Project("{FAE04EC0-301F-11D3-BF4B-00C04F79EFBC}") = "Weather.Application", "Weather.Application\Weather.Application.csproj", "{CF12EC8D-994F-4A74-B310-3FA1AD6F0F0E}"
EndProject
Project("{FAE04EC0-301F-11D3-BF4B-00C04F79EFBC}") = "Weather.Api", "Weather.Api\Weather.Api.csproj", "{15692091-ACD1-4442-AE6C-C0540D265D0C}"
EndProject
Project("{FAE04EC0-301F-11D3-BF4B-00C04F79EFBC}") = "Weather.Domain", "Weather.Domain\Weather.Domain.csproj", "{1702A4AD-4C57-B5CC-EE98-369A4D25A5C0}"
EndProject
Project("{FAE04EC0-301F-11D3-BF4B-00C04F79EFBC}") = "Weather.Tests", "Weather.Tests\Weather.Tests.csproj", "{411CC0BC-1B2F-4101-B84F-1587F1192AB2}"
EndProject
Global
	GlobalSection(SolutionConfigurationPlatforms) = preSolution
		Debug|Any CPU = Debug|Any CPU
		Release|Any CPU = Release|Any CPU
	EndGlobalSection
	GlobalSection(ProjectConfigurationPlatforms) = postSolution
		{CF12EC8D-994F-4A74-B310-3FA1AD6F0F0E}.Debug|Any CPU.ActiveCfg = Debug|Any CPU
		{CF12EC8D-994F-4A74-B310-3FA1AD6F0F0E}.Debug|Any CPU.Build.0 = Debug|Any CPU
		{CF12EC8D-994F-4A74-B310-3FA1AD6F0F0E}.Release|Any CPU.ActiveCfg = Release|Any CPU
		{CF12EC8D-994F-4A74-B310-3FA1AD6F0F0E}.Release|Any CPU.Build.0 = Release|Any CPU
		{15692091-ACD1-4442-AE6C-C0540D265D0C}.Debug|Any CPU.ActiveCfg = Debug|Any CPU
		{15692091-ACD1-4442-AE6C-C0540D265D0C}.Debug|Any CPU.Build.0 = Debug|Any CPU
		{15692091-ACD1-4442-AE6C-C0540D265D0C}.Release|Any CPU.ActiveCfg = Release|Any CPU
		{15692091-ACD1-4442-AE6C-C0540D265D0C}.Release|Any CPU.Build.0 = Release|Any CPU
		{1702A4AD-4C57-B5CC-EE98-369A4D25A5C0}.Debug|Any CPU.ActiveCfg = Debug|Any CPU
		{1702A4AD-4C57-B5CC-EE98-369A4D25A5C0}.Debug|Any CPU.Build.0 = Debug|Any CPU
		{1702A4AD-4C57-B5CC-EE98-369A4D25A5C0}.Release|Any CPU.ActiveCfg = Release|Any CPU
		{1702A4AD-4C57-B5CC-EE98-369A4D25A5C0}.Release|Any CPU.Build.0 = Release|Any CPU
		{411CC0BC-1B2F-4101-B84F-1587F1192AB2}.Debug|Any CPU.ActiveCfg = Debug|Any CPU
		{411CC0BC-1B2F-4101-B84F-1587F1192AB2}.Debug|Any CPU.Build.0 = Debug|Any CPU
		{411CC0BC-1B2F-4101-B84F-1587F1192AB2}.Release|Any CPU.ActiveCfg = Release|Any CPU
		{411CC0BC-1B2F-4101-B84F-1587F1192AB2}.Release|Any CPU.Build.0 = Release|Any CPU
	EndGlobalSection
	GlobalSection(SolutionProperties) = preSolution
		HideSolutionNode = FALSE
	EndGlobalSection
	GlobalSection(ExtensibilityGlobals) = postSolution
		SolutionGuid = {6B80CCC2-1160-43FE-9FDE-88096D892D50}
	EndGlobalSection
EndGlobal
